// !$*UTF8*$!
{
	archiveVersion = 1;
	classes = {
	};
	objectVersion = 48;
	objects = {

/* Begin PBXBuildFile section */
		147442D720859AC90053820F /* backViewController.swift in Sources */ = {isa = PBXBuildFile; fileRef = 147442D620859AC90053820F /* backViewController.swift */; };
		14F9A5C32089495800C9CA70 /* bodySubregionController.swift in Sources */ = {isa = PBXBuildFile; fileRef = 14F9A5C22089495800C9CA70 /* bodySubregionController.swift */; };
		945E69DE20741697001056DA /* AppDelegate.swift in Sources */ = {isa = PBXBuildFile; fileRef = 945E69DD20741697001056DA /* AppDelegate.swift */; };
		945E69E020741697001056DA /* ViewController.swift in Sources */ = {isa = PBXBuildFile; fileRef = 945E69DF20741697001056DA /* ViewController.swift */; };
		945E69E320741697001056DA /* Main.storyboard in Resources */ = {isa = PBXBuildFile; fileRef = 945E69E120741697001056DA /* Main.storyboard */; };
		945E69E520741697001056DA /* Assets.xcassets in Resources */ = {isa = PBXBuildFile; fileRef = 945E69E420741697001056DA /* Assets.xcassets */; };
		945E69E820741697001056DA /* LaunchScreen.storyboard in Resources */ = {isa = PBXBuildFile; fileRef = 945E69E620741697001056DA /* LaunchScreen.storyboard */; };
		94E0EA1520743F830024574F /* bodyViewController.swift in Sources */ = {isa = PBXBuildFile; fileRef = 94E0EA1420743F830024574F /* bodyViewController.swift */; };
		94F059EA2086D59600749676 /* bodyRegionController.swift in Sources */ = {isa = PBXBuildFile; fileRef = 94F059E92086D59600749676 /* bodyRegionController.swift */; };
/* End PBXBuildFile section */

/* Begin PBXFileReference section */
		147442D620859AC90053820F /* backViewController.swift */ = {isa = PBXFileReference; lastKnownFileType = sourcecode.swift; path = backViewController.swift; sourceTree = "<group>"; };
		14F9A5C22089495800C9CA70 /* bodySubregionController.swift */ = {isa = PBXFileReference; lastKnownFileType = sourcecode.swift; path = bodySubregionController.swift; sourceTree = "<group>"; };
		945E69DA20741697001056DA /* PocketDoc.app */ = {isa = PBXFileReference; explicitFileType = wrapper.application; includeInIndex = 0; path = PocketDoc.app; sourceTree = BUILT_PRODUCTS_DIR; };
		945E69DD20741697001056DA /* AppDelegate.swift */ = {isa = PBXFileReference; lastKnownFileType = sourcecode.swift; path = AppDelegate.swift; sourceTree = "<group>"; };
		945E69DF20741697001056DA /* ViewController.swift */ = {isa = PBXFileReference; lastKnownFileType = sourcecode.swift; path = ViewController.swift; sourceTree = "<group>"; };
		945E69E220741697001056DA /* Base */ = {isa = PBXFileReference; lastKnownFileType = file.storyboard; name = Base; path = Base.lproj/Main.storyboard; sourceTree = "<group>"; };
		945E69E420741697001056DA /* Assets.xcassets */ = {isa = PBXFileReference; lastKnownFileType = folder.assetcatalog; path = Assets.xcassets; sourceTree = "<group>"; };
		945E69E720741697001056DA /* Base */ = {isa = PBXFileReference; lastKnownFileType = file.storyboard; name = Base; path = Base.lproj/LaunchScreen.storyboard; sourceTree = "<group>"; };
		945E69E920741697001056DA /* Info.plist */ = {isa = PBXFileReference; lastKnownFileType = text.plist.xml; path = Info.plist; sourceTree = "<group>"; };
		94E0EA1420743F830024574F /* bodyViewController.swift */ = {isa = PBXFileReference; lastKnownFileType = sourcecode.swift; path = bodyViewController.swift; sourceTree = "<group>"; };
		94F059E92086D59600749676 /* bodyRegionController.swift */ = {isa = PBXFileReference; lastKnownFileType = sourcecode.swift; path = bodyRegionController.swift; sourceTree = "<group>"; };
/* End PBXFileReference section */

/* Begin PBXFrameworksBuildPhase section */
		945E69D720741697001056DA /* Frameworks */ = {
			isa = PBXFrameworksBuildPhase;
			buildActionMask = 2147483647;
			files = (
			);
			runOnlyForDeploymentPostprocessing = 0;
		};
/* End PBXFrameworksBuildPhase section */

/* Begin PBXGroup section */
		945E69D120741697001056DA = {
			isa = PBXGroup;
			children = (
				945E69DC20741697001056DA /* PocketDoc */,
				945E69DB20741697001056DA /* Products */,
			);
			sourceTree = "<group>";
		};
		945E69DB20741697001056DA /* Products */ = {
			isa = PBXGroup;
			children = (
				945E69DA20741697001056DA /* PocketDoc.app */,
			);
			name = Products;
			sourceTree = "<group>";
		};
		945E69DC20741697001056DA /* PocketDoc */ = {
			isa = PBXGroup;
			children = (
				94E0EA1420743F830024574F /* bodyViewController.swift */,
				945E69DD20741697001056DA /* AppDelegate.swift */,
				945E69DF20741697001056DA /* ViewController.swift */,
				945E69E120741697001056DA /* Main.storyboard */,
				945E69E420741697001056DA /* Assets.xcassets */,
				147442D620859AC90053820F /* backViewController.swift */,
				14F9A5C22089495800C9CA70 /* bodySubregionController.swift */,
				945E69E620741697001056DA /* LaunchScreen.storyboard */,
				945E69E920741697001056DA /* Info.plist */,
				94F059E92086D59600749676 /* bodyRegionController.swift */,
			);
			path = PocketDoc;
			sourceTree = "<group>";
		};
/* End PBXGroup section */

/* Begin PBXNativeTarget section */
		945E69D920741697001056DA /* PocketDoc */ = {
			isa = PBXNativeTarget;
			buildConfigurationList = 945E69EC20741697001056DA /* Build configuration list for PBXNativeTarget "PocketDoc" */;
			buildPhases = (
				945E69D620741697001056DA /* Sources */,
				945E69D720741697001056DA /* Frameworks */,
				945E69D820741697001056DA /* Resources */,
			);
			buildRules = (
			);
			dependencies = (
			);
			name = PocketDoc;
			productName = PocketDoc;
			productReference = 945E69DA20741697001056DA /* PocketDoc.app */;
			productType = "com.apple.product-type.application";
		};
/* End PBXNativeTarget section */

/* Begin PBXProject section */
		945E69D220741697001056DA /* Project object */ = {
			isa = PBXProject;
			attributes = {
				LastSwiftUpdateCheck = 0920;
				LastUpgradeCheck = 0930;
				ORGANIZATIONNAME = PocketDoc;
				TargetAttributes = {
					945E69D920741697001056DA = {
						CreatedOnToolsVersion = 9.2;
						ProvisioningStyle = Automatic;
					};
				};
			};
			buildConfigurationList = 945E69D520741697001056DA /* Build configuration list for PBXProject "PocketDoc" */;
			compatibilityVersion = "Xcode 8.0";
			developmentRegion = en;
			hasScannedForEncodings = 0;
			knownRegions = (
				en,
				Base,
			);
			mainGroup = 945E69D120741697001056DA;
			productRefGroup = 945E69DB20741697001056DA /* Products */;
			projectDirPath = "";
			projectRoot = "";
			targets = (
				945E69D920741697001056DA /* PocketDoc */,
			);
		};
/* End PBXProject section */

/* Begin PBXResourcesBuildPhase section */
		945E69D820741697001056DA /* Resources */ = {
			isa = PBXResourcesBuildPhase;
			buildActionMask = 2147483647;
			files = (
				945E69E820741697001056DA /* LaunchScreen.storyboard in Resources */,
				945E69E520741697001056DA /* Assets.xcassets in Resources */,
				945E69E320741697001056DA /* Main.storyboard in Resources */,
			);
			runOnlyForDeploymentPostprocessing = 0;
		};
/* End PBXResourcesBuildPhase section */

/* Begin PBXSourcesBuildPhase section */
		945E69D620741697001056DA /* Sources */ = {
			isa = PBXSourcesBuildPhase;
			buildActionMask = 2147483647;
			files = (
				945E69E020741697001056DA /* ViewController.swift in Sources */,
				94F059EA2086D59600749676 /* bodyRegionController.swift in Sources */,
				94E0EA1520743F830024574F /* bodyViewController.swift in Sources */,
				945E69DE20741697001056DA /* AppDelegate.swift in Sources */,
				14F9A5C32089495800C9CA70 /* bodySubregionController.swift in Sources */,
				147442D720859AC90053820F /* backViewController.swift in Sources */,
			);
			runOnlyForDeploymentPostprocessing = 0;
		};
/* End PBXSourcesBuildPhase section */

/* Begin PBXVariantGroup section */
		945E69E120741697001056DA /* Main.storyboard */ = {
			isa = PBXVariantGroup;
			children = (
				945E69E220741697001056DA /* Base */,
			);
			name = Main.storyboard;
			sourceTree = "<group>";
		};
		945E69E620741697001056DA /* LaunchScreen.storyboard */ = {
			isa = PBXVariantGroup;
			children = (
				945E69E720741697001056DA /* Base */,
			);
			name = LaunchScreen.storyboard;
			sourceTree = "<group>";
		};
/* End PBXVariantGroup section */

/* Begin XCBuildConfiguration section */
		945E69EA20741697001056DA /* Debug */ = {
			isa = XCBuildConfiguration;
			buildSettings = {
				ALWAYS_SEARCH_USER_PATHS = NO;
				CLANG_ANALYZER_NONNULL = YES;
				CLANG_ANALYZER_NUMBER_OBJECT_CONVERSION = YES_AGGRESSIVE;
				CLANG_CXX_LANGUAGE_STANDARD = "gnu++14";
				CLANG_CXX_LIBRARY = "libc++";
				CLANG_ENABLE_MODULES = YES;
				CLANG_ENABLE_OBJC_ARC = YES;
				CLANG_WARN_BLOCK_CAPTURE_AUTORELEASING = YES;
				CLANG_WARN_BOOL_CONVERSION = YES;
				CLANG_WARN_COMMA = YES;
				CLANG_WARN_CONSTANT_CONVERSION = YES;
				CLANG_WARN_DEPRECATED_OBJC_IMPLEMENTATIONS = YES;
				CLANG_WARN_DIRECT_OBJC_ISA_USAGE = YES_ERROR;
				CLANG_WARN_DOCUMENTATION_COMMENTS = YES;
				CLANG_WARN_EMPTY_BODY = YES;
				CLANG_WARN_ENUM_CONVERSION = YES;
				CLANG_WARN_INFINITE_RECURSION = YES;
				CLANG_WARN_INT_CONVERSION = YES;
				CLANG_WARN_NON_LITERAL_NULL_CONVERSION = YES;
				CLANG_WARN_OBJC_IMPLICIT_RETAIN_SELF = YES;
				CLANG_WARN_OBJC_LITERAL_CONVERSION = YES;
				CLANG_WARN_OBJC_ROOT_CLASS = YES_ERROR;
				CLANG_WARN_RANGE_LOOP_ANALYSIS = YES;
				CLANG_WARN_STRICT_PROTOTYPES = YES;
				CLANG_WARN_SUSPICIOUS_MOVE = YES;
				CLANG_WARN_UNGUARDED_AVAILABILITY = YES_AGGRESSIVE;
				CLANG_WARN_UNREACHABLE_CODE = YES;
				CLANG_WARN__DUPLICATE_METHOD_MATCH = YES;
				CODE_SIGN_IDENTITY = "iPhone Developer";
				COPY_PHASE_STRIP = NO;
				DEBUG_INFORMATION_FORMAT = dwarf;
				ENABLE_STRICT_OBJC_MSGSEND = YES;
				ENABLE_TESTABILITY = YES;
				GCC_C_LANGUAGE_STANDARD = gnu11;
				GCC_DYNAMIC_NO_PIC = NO;
				GCC_NO_COMMON_BLOCKS = YES;
				GCC_OPTIMIZATION_LEVEL = 0;
				GCC_PREPROCESSOR_DEFINITIONS = (
					"DEBUG=1",
					"$(inherited)",
				);
				GCC_WARN_64_TO_32_BIT_CONVERSION = YES;
				GCC_WARN_ABOUT_RETURN_TYPE = YES_ERROR;
				GCC_WARN_UNDECLARED_SELECTOR = YES;
				GCC_WARN_UNINITIALIZED_AUTOS = YES_AGGRESSIVE;
				GCC_WARN_UNUSED_FUNCTION = YES;
				GCC_WARN_UNUSED_VARIABLE = YES;
				IPHONEOS_DEPLOYMENT_TARGET = 11.0;
				MTL_ENABLE_DEBUG_INFO = YES;
				ONLY_ACTIVE_ARCH = YES;
				SDKROOT = iphoneos;
				SWIFT_ACTIVE_COMPILATION_CONDITIONS = DEBUG;
				SWIFT_OPTIMIZATION_LEVEL = "-Onone";
			};
			name = Debug;
		};
		945E69EB20741697001056DA /* Release */ = {
			isa = XCBuildConfiguration;
			buildSettings = {
				ALWAYS_SEARCH_USER_PATHS = NO;
				CLANG_ANALYZER_NONNULL = YES;
				CLANG_ANALYZER_NUMBER_OBJECT_CONVERSION = YES_AGGRESSIVE;
				CLANG_CXX_LANGUAGE_STANDARD = "gnu++14";
				CLANG_CXX_LIBRARY = "libc++";
				CLANG_ENABLE_MODULES = YES;
				CLANG_ENABLE_OBJC_ARC = YES;
				CLANG_WARN_BLOCK_CAPTURE_AUTORELEASING = YES;
				CLANG_WARN_BOOL_CONVERSION = YES;
				CLANG_WARN_COMMA = YES;
				CLANG_WARN_CONSTANT_CONVERSION = YES;
				CLANG_WARN_DEPRECATED_OBJC_IMPLEMENTATIONS = YES;
				CLANG_WARN_DIRECT_OBJC_ISA_USAGE = YES_ERROR;
				CLANG_WARN_DOCUMENTATION_COMMENTS = YES;
				CLANG_WARN_EMPTY_BODY = YES;
				CLANG_WARN_ENUM_CONVERSION = YES;
				CLANG_WARN_INFINITE_RECURSION = YES;
				CLANG_WARN_INT_CONVERSION = YES;
				CLANG_WARN_NON_LITERAL_NULL_CONVERSION = YES;
				CLANG_WARN_OBJC_IMPLICIT_RETAIN_SELF = YES;
				CLANG_WARN_OBJC_LITERAL_CONVERSION = YES;
				CLANG_WARN_OBJC_ROOT_CLASS = YES_ERROR;
				CLANG_WARN_RANGE_LOOP_ANALYSIS = YES;
				CLANG_WARN_STRICT_PROTOTYPES = YES;
				CLANG_WARN_SUSPICIOUS_MOVE = YES;
				CLANG_WARN_UNGUARDED_AVAILABILITY = YES_AGGRESSIVE;
				CLANG_WARN_UNREACHABLE_CODE = YES;
				CLANG_WARN__DUPLICATE_METHOD_MATCH = YES;
				CODE_SIGN_IDENTITY = "iPhone Developer";
				COPY_PHASE_STRIP = NO;
				DEBUG_INFORMATION_FORMAT = "dwarf-with-dsym";
				ENABLE_NS_ASSERTIONS = NO;
				ENABLE_STRICT_OBJC_MSGSEND = YES;
				GCC_C_LANGUAGE_STANDARD = gnu11;
				GCC_NO_COMMON_BLOCKS = YES;
				GCC_WARN_64_TO_32_BIT_CONVERSION = YES;
				GCC_WARN_ABOUT_RETURN_TYPE = YES_ERROR;
				GCC_WARN_UNDECLARED_SELECTOR = YES;
				GCC_WARN_UNINITIALIZED_AUTOS = YES_AGGRESSIVE;
				GCC_WARN_UNUSED_FUNCTION = YES;
				GCC_WARN_UNUSED_VARIABLE = YES;
				IPHONEOS_DEPLOYMENT_TARGET = 11.0;
				MTL_ENABLE_DEBUG_INFO = NO;
				SDKROOT = iphoneos;
				SWIFT_OPTIMIZATION_LEVEL = "-Owholemodule";
				VALIDATE_PRODUCT = YES;
			};
			name = Release;
		};
		945E69ED20741697001056DA /* Debug */ = {
			isa = XCBuildConfiguration;
			buildSettings = {
				ASSETCATALOG_COMPILER_APPICON_NAME = AppIcon;
				CODE_SIGN_STYLE = Automatic;
				DEVELOPMENT_TEAM = 985WCWGJY4;
				INFOPLIST_FILE = PocketDoc/Info.plist;
				LD_RUNPATH_SEARCH_PATHS = "$(inherited) @executable_path/Frameworks";
				PRODUCT_BUNDLE_IDENTIFIER = pocketdoc.PocketDoc;
				PRODUCT_NAME = "$(TARGET_NAME)";
				SWIFT_VERSION = 4.0;
				TARGETED_DEVICE_FAMILY = 1;
			};
			name = Debug;
		};
		945E69EE20741697001056DA /* Release */ = {
			isa = XCBuildConfiguration;
			buildSettings = {
				ASSETCATALOG_COMPILER_APPICON_NAME = AppIcon;
				CODE_SIGN_STYLE = Automatic;
				DEVELOPMENT_TEAM = 985WCWGJY4;
				INFOPLIST_FILE = PocketDoc/Info.plist;
				LD_RUNPATH_SEARCH_PATHS = "$(inherited) @executable_path/Frameworks";
				PRODUCT_BUNDLE_IDENTIFIER = pocketdoc.PocketDoc;
				PRODUCT_NAME = "$(TARGET_NAME)";
				SWIFT_VERSION = 4.0;
				TARGETED_DEVICE_FAMILY = 1;
			};
			name = Release;
		};
/* End XCBuildConfiguration section */

/* Begin XCConfigurationList section */
		945E69D520741697001056DA /* Build configuration list for PBXProject "PocketDoc" */ = {
			isa = XCConfigurationList;
			buildConfigurations = (
				945E69EA20741697001056DA /* Debug */,
				945E69EB20741697001056DA /* Release */,
			);
			defaultConfigurationIsVisible = 0;
			defaultConfigurationName = Release;
		};
		945E69EC20741697001056DA /* Build configuration list for PBXNativeTarget "PocketDoc" */ = {
			isa = XCConfigurationList;
			buildConfigurations = (
				945E69ED20741697001056DA /* Debug */,
				945E69EE20741697001056DA /* Release */,
			);
			defaultConfigurationIsVisible = 0;
			defaultConfigurationName = Release;
		};
/* End XCConfigurationList section */
	};
	rootObject = 945E69D220741697001056DA /* Project object */;
}
